
Microsoft Visual Studio Solution File, Format Version 12.00
# Visual Studio 2015
Project("{FAE04EC0-301F-11D3-BF4B-00C04F79EFBC}") = "Runner3.CSharp", "Runner3.CSharp.csproj", "{115FDEAA-1122-044F-DEB0-519F94B87D7B}"
EndProject
Global
	GlobalSection(SolutionConfigurationPlatforms) = preSolution
		Debug|Any CPU = Debug|Any CPU
		Release|Any CPU = Release|Any CPU
	EndGlobalSection
	GlobalSection(ProjectConfigurationPlatforms) = postSolution
		{115FDEAA-1122-044F-DEB0-519F94B87D7B}.Debug|Any CPU.ActiveCfg = Debug|Any CPU
		{115FDEAA-1122-044F-DEB0-519F94B87D7B}.Debug|Any CPU.Build.0 = Debug|Any CPU
		{115FDEAA-1122-044F-DEB0-519F94B87D7B}.Release|Any CPU.ActiveCfg = Release|Any CPU
		{115FDEAA-1122-044F-DEB0-519F94B87D7B}.Release|Any CPU.Build.0 = Release|Any CPU
	EndGlobalSection
	GlobalSection(SolutionProperties) = preSolution
		HideSolutionNode = FALSE
	EndGlobalSection
EndGlobal
